
Microsoft Visual Studio Solution File, Format Version 12.00
# Visual Studio Version 16
VisualStudioVersion = 16.0.29613.14
MinimumVisualStudioVersion = 10.0.40219.1
Project("{F184B08F-C81C-45F6-A57F-5ABD9991F28F}") = "FotoRamka", "FotoRamka\FotoRamka.vbproj", "{CD02A673-FD2E-41DC-9F50-402282FBE13B}"
EndProject
Project("{D954291E-2A0B-460D-934E-DC6B0785DB48}") = "FotoRamkaPub.Shared", "FotoRamkaPub\FotoRamkaPub.Shared\FotoRamkaPub.Shared.shproj", "{6279C845-92F8-4333-AB99-3D213163593C}"
EndProject
Project("{FAE04EC0-301F-11D3-BF4B-00C04F79EFBC}") = "FotoRamkaPub.Droid", "FotoRamkaPub\FotoRamkaPub.Droid\FotoRamkaPub.Droid.csproj", "{BA12251B-67A2-40E6-982F-40B0C919537B}"
EndProject
Project("{FAE04EC0-301F-11D3-BF4B-00C04F79EFBC}") = "FotoRamkaPub.iOS", "FotoRamkaPub\FotoRamkaPub.iOS\FotoRamkaPub.iOS.csproj", "{6BB72680-EE13-4386-9D8E-B21DEDE451D8}"
EndProject
Project("{FAE04EC0-301F-11D3-BF4B-00C04F79EFBC}") = "FotoRamkaPub.UWP", "FotoRamkaPub\FotoRamkaPub.UWP\FotoRamkaPub.UWP.csproj", "{1BEAC454-58FE-4048-B940-72B6277244EC}"
EndProject
Project("{FAE04EC0-301F-11D3-BF4B-00C04F79EFBC}") = "FotoRamkaPub.Wasm", "FotoRamkaPub\FotoRamkaPub.Wasm\FotoRamkaPub.Wasm.csproj", "{1D5C8C27-284C-4770-B5F8-5AEE2F57F856}"
EndProject
Project("{FAE04EC0-301F-11D3-BF4B-00C04F79EFBC}") = "FotoRamkaPub.macOS", "FotoRamkaPub\FotoRamkaPub.macOS\FotoRamkaPub.macOS.csproj", "{76BFE91E-48A3-4C58-855B-C93068D02FBB}"
EndProject
Global
	GlobalSection(SharedMSBuildProjectFiles) = preSolution
		FotoRamkaPub\FotoRamkaPub.Shared\FotoRamkaPub.Shared.projitems*{6279c845-92f8-4333-ab99-3d213163593c}*SharedItemsImports = 13
		FotoRamkaPub\FotoRamkaPub.Shared\FotoRamkaPub.Shared.projitems*{ba12251b-67a2-40e6-982f-40b0c919537b}*SharedItemsImports = 4
	EndGlobalSection
	GlobalSection(SolutionConfigurationPlatforms) = preSolution
		Ad-Hoc|Any CPU = Ad-Hoc|Any CPU
		Ad-Hoc|ARM = Ad-Hoc|ARM
		Ad-Hoc|ARM64 = Ad-Hoc|ARM64
		Ad-Hoc|iPhone = Ad-Hoc|iPhone
		Ad-Hoc|iPhoneSimulator = Ad-Hoc|iPhoneSimulator
		Ad-Hoc|x64 = Ad-Hoc|x64
		Ad-Hoc|x86 = Ad-Hoc|x86
		AppStore|Any CPU = AppStore|Any CPU
		AppStore|ARM = AppStore|ARM
		AppStore|ARM64 = AppStore|ARM64
		AppStore|iPhone = AppStore|iPhone
		AppStore|iPhoneSimulator = AppStore|iPhoneSimulator
		AppStore|x64 = AppStore|x64
		AppStore|x86 = AppStore|x86
		Debug|Any CPU = Debug|Any CPU
		Debug|ARM = Debug|ARM
		Debug|ARM64 = Debug|ARM64
		Debug|iPhone = Debug|iPhone
		Debug|iPhoneSimulator = Debug|iPhoneSimulator
		Debug|x64 = Debug|x64
		Debug|x86 = Debug|x86
		Release|Any CPU = Release|Any CPU
		Release|ARM = Release|ARM
		Release|ARM64 = Release|ARM64
		Release|iPhone = Release|iPhone
		Release|iPhoneSimulator = Release|iPhoneSimulator
		Release|x64 = Release|x64
		Release|x86 = Release|x86
	EndGlobalSection
	GlobalSection(ProjectConfigurationPlatforms) = postSolution
		{CD02A673-FD2E-41DC-9F50-402282FBE13B}.Ad-Hoc|Any CPU.ActiveCfg = Release|x86
		{CD02A673-FD2E-41DC-9F50-402282FBE13B}.Ad-Hoc|Any CPU.Build.0 = Release|x86
		{CD02A673-FD2E-41DC-9F50-402282FBE13B}.Ad-Hoc|Any CPU.Deploy.0 = Release|x86
		{CD02A673-FD2E-41DC-9F50-402282FBE13B}.Ad-Hoc|ARM.ActiveCfg = Release|ARM
		{CD02A673-FD2E-41DC-9F50-402282FBE13B}.Ad-Hoc|ARM.Build.0 = Release|ARM
		{CD02A673-FD2E-41DC-9F50-402282FBE13B}.Ad-Hoc|ARM.Deploy.0 = Release|ARM
		{CD02A673-FD2E-41DC-9F50-402282FBE13B}.Ad-Hoc|ARM64.ActiveCfg = Release|ARM64
		{CD02A673-FD2E-41DC-9F50-402282FBE13B}.Ad-Hoc|ARM64.Build.0 = Release|ARM64
		{CD02A673-FD2E-41DC-9F50-402282FBE13B}.Ad-Hoc|ARM64.Deploy.0 = Release|ARM64
		{CD02A673-FD2E-41DC-9F50-402282FBE13B}.Ad-Hoc|iPhone.ActiveCfg = Release|x86
		{CD02A673-FD2E-41DC-9F50-402282FBE13B}.Ad-Hoc|iPhone.Build.0 = Release|x86
		{CD02A673-FD2E-41DC-9F50-402282FBE13B}.Ad-Hoc|iPhone.Deploy.0 = Release|x86
		{CD02A673-FD2E-41DC-9F50-402282FBE13B}.Ad-Hoc|iPhoneSimulator.ActiveCfg = Release|x86
		{CD02A673-FD2E-41DC-9F50-402282FBE13B}.Ad-Hoc|iPhoneSimulator.Build.0 = Release|x86
		{CD02A673-FD2E-41DC-9F50-402282FBE13B}.Ad-Hoc|iPhoneSimulator.Deploy.0 = Release|x86
		{CD02A673-FD2E-41DC-9F50-402282FBE13B}.Ad-Hoc|x64.ActiveCfg = Release|x64
		{CD02A673-FD2E-41DC-9F50-402282FBE13B}.Ad-Hoc|x64.Build.0 = Release|x64
		{CD02A673-FD2E-41DC-9F50-402282FBE13B}.Ad-Hoc|x64.Deploy.0 = Release|x64
		{CD02A673-FD2E-41DC-9F50-402282FBE13B}.Ad-Hoc|x86.ActiveCfg = Release|x86
		{CD02A673-FD2E-41DC-9F50-402282FBE13B}.Ad-Hoc|x86.Build.0 = Release|x86
		{CD02A673-FD2E-41DC-9F50-402282FBE13B}.Ad-Hoc|x86.Deploy.0 = Release|x86
		{CD02A673-FD2E-41DC-9F50-402282FBE13B}.AppStore|Any CPU.ActiveCfg = Release|x86
		{CD02A673-FD2E-41DC-9F50-402282FBE13B}.AppStore|Any CPU.Build.0 = Release|x86
		{CD02A673-FD2E-41DC-9F50-402282FBE13B}.AppStore|Any CPU.Deploy.0 = Release|x86
		{CD02A673-FD2E-41DC-9F50-402282FBE13B}.AppStore|ARM.ActiveCfg = Release|ARM
		{CD02A673-FD2E-41DC-9F50-402282FBE13B}.AppStore|ARM.Build.0 = Release|ARM
		{CD02A673-FD2E-41DC-9F50-402282FBE13B}.AppStore|ARM.Deploy.0 = Release|ARM
		{CD02A673-FD2E-41DC-9F50-402282FBE13B}.AppStore|ARM64.ActiveCfg = Release|ARM64
		{CD02A673-FD2E-41DC-9F50-402282FBE13B}.AppStore|ARM64.Build.0 = Release|ARM64
		{CD02A673-FD2E-41DC-9F50-402282FBE13B}.AppStore|ARM64.Deploy.0 = Release|ARM64
		{CD02A673-FD2E-41DC-9F50-402282FBE13B}.AppStore|iPhone.ActiveCfg = Release|x86
		{CD02A673-FD2E-41DC-9F50-402282FBE13B}.AppStore|iPhone.Build.0 = Release|x86
		{CD02A673-FD2E-41DC-9F50-402282FBE13B}.AppStore|iPhone.Deploy.0 = Release|x86
		{CD02A673-FD2E-41DC-9F50-402282FBE13B}.AppStore|iPhoneSimulator.ActiveCfg = Release|x86
		{CD02A673-FD2E-41DC-9F50-402282FBE13B}.AppStore|iPhoneSimulator.Build.0 = Release|x86
		{CD02A673-FD2E-41DC-9F50-402282FBE13B}.AppStore|iPhoneSimulator.Deploy.0 = Release|x86
		{CD02A673-FD2E-41DC-9F50-402282FBE13B}.AppStore|x64.ActiveCfg = Release|x64
		{CD02A673-FD2E-41DC-9F50-402282FBE13B}.AppStore|x64.Build.0 = Release|x64
		{CD02A673-FD2E-41DC-9F50-402282FBE13B}.AppStore|x64.Deploy.0 = Release|x64
		{CD02A673-FD2E-41DC-9F50-402282FBE13B}.AppStore|x86.ActiveCfg = Release|x86
		{CD02A673-FD2E-41DC-9F50-402282FBE13B}.AppStore|x86.Build.0 = Release|x86
		{CD02A673-FD2E-41DC-9F50-402282FBE13B}.AppStore|x86.Deploy.0 = Release|x86
		{CD02A673-FD2E-41DC-9F50-402282FBE13B}.Debug|Any CPU.ActiveCfg = Debug|x86
		{CD02A673-FD2E-41DC-9F50-402282FBE13B}.Debug|ARM.ActiveCfg = Debug|ARM
		{CD02A673-FD2E-41DC-9F50-402282FBE13B}.Debug|ARM.Build.0 = Debug|ARM
		{CD02A673-FD2E-41DC-9F50-402282FBE13B}.Debug|ARM.Deploy.0 = Debug|ARM
		{CD02A673-FD2E-41DC-9F50-402282FBE13B}.Debug|ARM64.ActiveCfg = Debug|ARM64
		{CD02A673-FD2E-41DC-9F50-402282FBE13B}.Debug|ARM64.Build.0 = Debug|ARM64
		{CD02A673-FD2E-41DC-9F50-402282FBE13B}.Debug|ARM64.Deploy.0 = Debug|ARM64
		{CD02A673-FD2E-41DC-9F50-402282FBE13B}.Debug|iPhone.ActiveCfg = Debug|x86
		{CD02A673-FD2E-41DC-9F50-402282FBE13B}.Debug|iPhoneSimulator.ActiveCfg = Debug|x86
		{CD02A673-FD2E-41DC-9F50-402282FBE13B}.Debug|x64.ActiveCfg = Debug|x64
		{CD02A673-FD2E-41DC-9F50-402282FBE13B}.Debug|x64.Build.0 = Debug|x64
		{CD02A673-FD2E-41DC-9F50-402282FBE13B}.Debug|x64.Deploy.0 = Debug|x64
		{CD02A673-FD2E-41DC-9F50-402282FBE13B}.Debug|x86.ActiveCfg = Debug|x86
		{CD02A673-FD2E-41DC-9F50-402282FBE13B}.Debug|x86.Build.0 = Debug|x86
		{CD02A673-FD2E-41DC-9F50-402282FBE13B}.Debug|x86.Deploy.0 = Debug|x86
		{CD02A673-FD2E-41DC-9F50-402282FBE13B}.Release|Any CPU.ActiveCfg = Release|x86
		{CD02A673-FD2E-41DC-9F50-402282FBE13B}.Release|ARM.ActiveCfg = Release|ARM
		{CD02A673-FD2E-41DC-9F50-402282FBE13B}.Release|ARM.Build.0 = Release|ARM
		{CD02A673-FD2E-41DC-9F50-402282FBE13B}.Release|ARM.Deploy.0 = Release|ARM
		{CD02A673-FD2E-41DC-9F50-402282FBE13B}.Release|ARM64.ActiveCfg = Release|ARM64
		{CD02A673-FD2E-41DC-9F50-402282FBE13B}.Release|ARM64.Build.0 = Release|ARM64
		{CD02A673-FD2E-41DC-9F50-402282FBE13B}.Release|ARM64.Deploy.0 = Release|ARM64
		{CD02A673-FD2E-41DC-9F50-402282FBE13B}.Release|iPhone.ActiveCfg = Release|x86
		{CD02A673-FD2E-41DC-9F50-402282FBE13B}.Release|iPhoneSimulator.ActiveCfg = Release|x86
		{CD02A673-FD2E-41DC-9F50-402282FBE13B}.Release|x64.ActiveCfg = Release|x64
		{CD02A673-FD2E-41DC-9F50-402282FBE13B}.Release|x64.Build.0 = Release|x64
		{CD02A673-FD2E-41DC-9F50-402282FBE13B}.Release|x64.Deploy.0 = Release|x64
		{CD02A673-FD2E-41DC-9F50-402282FBE13B}.Release|x86.ActiveCfg = Release|x86
		{CD02A673-FD2E-41DC-9F50-402282FBE13B}.Release|x86.Build.0 = Release|x86
		{CD02A673-FD2E-41DC-9F50-402282FBE13B}.Release|x86.Deploy.0 = Release|x86
		{BA12251B-67A2-40E6-982F-40B0C919537B}.Ad-Hoc|Any CPU.ActiveCfg = Release|Any CPU
		{BA12251B-67A2-40E6-982F-40B0C919537B}.Ad-Hoc|Any CPU.Build.0 = Release|Any CPU
		{BA12251B-67A2-40E6-982F-40B0C919537B}.Ad-Hoc|Any CPU.Deploy.0 = Release|Any CPU
		{BA12251B-67A2-40E6-982F-40B0C919537B}.Ad-Hoc|ARM.ActiveCfg = Release|Any CPU
		{BA12251B-67A2-40E6-982F-40B0C919537B}.Ad-Hoc|ARM.Build.0 = Release|Any CPU
		{BA12251B-67A2-40E6-982F-40B0C919537B}.Ad-Hoc|ARM.Deploy.0 = Release|Any CPU
		{BA12251B-67A2-40E6-982F-40B0C919537B}.Ad-Hoc|ARM64.ActiveCfg = Release|Any CPU
		{BA12251B-67A2-40E6-982F-40B0C919537B}.Ad-Hoc|ARM64.Build.0 = Release|Any CPU
		{BA12251B-67A2-40E6-982F-40B0C919537B}.Ad-Hoc|ARM64.Deploy.0 = Release|Any CPU
		{BA12251B-67A2-40E6-982F-40B0C919537B}.Ad-Hoc|iPhone.ActiveCfg = Release|Any CPU
		{BA12251B-67A2-40E6-982F-40B0C919537B}.Ad-Hoc|iPhone.Build.0 = Release|Any CPU
		{BA12251B-67A2-40E6-982F-40B0C919537B}.Ad-Hoc|iPhone.Deploy.0 = Release|Any CPU
		{BA12251B-67A2-40E6-982F-40B0C919537B}.Ad-Hoc|iPhoneSimulator.ActiveCfg = Release|Any CPU
		{BA12251B-67A2-40E6-982F-40B0C919537B}.Ad-Hoc|iPhoneSimulator.Build.0 = Release|Any CPU
		{BA12251B-67A2-40E6-982F-40B0C919537B}.Ad-Hoc|iPhoneSimulator.Deploy.0 = Release|Any CPU
		{BA12251B-67A2-40E6-982F-40B0C919537B}.Ad-Hoc|x64.ActiveCfg = Release|Any CPU
		{BA12251B-67A2-40E6-982F-40B0C919537B}.Ad-Hoc|x64.Build.0 = Release|Any CPU
		{BA12251B-67A2-40E6-982F-40B0C919537B}.Ad-Hoc|x64.Deploy.0 = Release|Any CPU
		{BA12251B-67A2-40E6-982F-40B0C919537B}.Ad-Hoc|x86.ActiveCfg = Release|Any CPU
		{BA12251B-67A2-40E6-982F-40B0C919537B}.Ad-Hoc|x86.Build.0 = Release|Any CPU
		{BA12251B-67A2-40E6-982F-40B0C919537B}.Ad-Hoc|x86.Deploy.0 = Release|Any CPU
		{BA12251B-67A2-40E6-982F-40B0C919537B}.AppStore|Any CPU.ActiveCfg = Release|Any CPU
		{BA12251B-67A2-40E6-982F-40B0C919537B}.AppStore|Any CPU.Build.0 = Release|Any CPU
		{BA12251B-67A2-40E6-982F-40B0C919537B}.AppStore|Any CPU.Deploy.0 = Release|Any CPU
		{BA12251B-67A2-40E6-982F-40B0C919537B}.AppStore|ARM.ActiveCfg = Release|Any CPU
		{BA12251B-67A2-40E6-982F-40B0C919537B}.AppStore|ARM.Build.0 = Release|Any CPU
		{BA12251B-67A2-40E6-982F-40B0C919537B}.AppStore|ARM.Deploy.0 = Release|Any CPU
		{BA12251B-67A2-40E6-982F-40B0C919537B}.AppStore|ARM64.ActiveCfg = Release|Any CPU
		{BA12251B-67A2-40E6-982F-40B0C919537B}.AppStore|ARM64.Build.0 = Release|Any CPU
		{BA12251B-67A2-40E6-982F-40B0C919537B}.AppStore|ARM64.Deploy.0 = Release|Any CPU
		{BA12251B-67A2-40E6-982F-40B0C919537B}.AppStore|iPhone.ActiveCfg = Release|Any CPU
		{BA12251B-67A2-40E6-982F-40B0C919537B}.AppStore|iPhone.Build.0 = Release|Any CPU
		{BA12251B-67A2-40E6-982F-40B0C919537B}.AppStore|iPhone.Deploy.0 = Release|Any CPU
		{BA12251B-67A2-40E6-982F-40B0C919537B}.AppStore|iPhoneSimulator.ActiveCfg = Release|Any CPU
		{BA12251B-67A2-40E6-982F-40B0C919537B}.AppStore|iPhoneSimulator.Build.0 = Release|Any CPU
		{BA12251B-67A2-40E6-982F-40B0C919537B}.AppStore|iPhoneSimulator.Deploy.0 = Release|Any CPU
		{BA12251B-67A2-40E6-982F-40B0C919537B}.AppStore|x64.ActiveCfg = Release|Any CPU
		{BA12251B-67A2-40E6-982F-40B0C919537B}.AppStore|x64.Build.0 = Release|Any CPU
		{BA12251B-67A2-40E6-982F-40B0C919537B}.AppStore|x64.Deploy.0 = Release|Any CPU
		{BA12251B-67A2-40E6-982F-40B0C919537B}.AppStore|x86.ActiveCfg = Release|Any CPU
		{BA12251B-67A2-40E6-982F-40B0C919537B}.AppStore|x86.Build.0 = Release|Any CPU
		{BA12251B-67A2-40E6-982F-40B0C919537B}.AppStore|x86.Deploy.0 = Release|Any CPU
		{BA12251B-67A2-40E6-982F-40B0C919537B}.Debug|Any CPU.ActiveCfg = Debug|Any CPU
		{BA12251B-67A2-40E6-982F-40B0C919537B}.Debug|Any CPU.Build.0 = Debug|Any CPU
		{BA12251B-67A2-40E6-982F-40B0C919537B}.Debug|Any CPU.Deploy.0 = Debug|Any CPU
		{BA12251B-67A2-40E6-982F-40B0C919537B}.Debug|ARM.ActiveCfg = Debug|Any CPU
		{BA12251B-67A2-40E6-982F-40B0C919537B}.Debug|ARM.Build.0 = Debug|Any CPU
		{BA12251B-67A2-40E6-982F-40B0C919537B}.Debug|ARM.Deploy.0 = Debug|Any CPU
		{BA12251B-67A2-40E6-982F-40B0C919537B}.Debug|ARM64.ActiveCfg = Debug|Any CPU
		{BA12251B-67A2-40E6-982F-40B0C919537B}.Debug|ARM64.Build.0 = Debug|Any CPU
		{BA12251B-67A2-40E6-982F-40B0C919537B}.Debug|ARM64.Deploy.0 = Debug|Any CPU
		{BA12251B-67A2-40E6-982F-40B0C919537B}.Debug|iPhone.ActiveCfg = Debug|Any CPU
		{BA12251B-67A2-40E6-982F-40B0C919537B}.Debug|iPhone.Build.0 = Debug|Any CPU
		{BA12251B-67A2-40E6-982F-40B0C919537B}.Debug|iPhone.Deploy.0 = Debug|Any CPU
		{BA12251B-67A2-40E6-982F-40B0C919537B}.Debug|iPhoneSimulator.ActiveCfg = Debug|Any CPU
		{BA12251B-67A2-40E6-982F-40B0C919537B}.Debug|iPhoneSimulator.Build.0 = Debug|Any CPU
		{BA12251B-67A2-40E6-982F-40B0C919537B}.Debug|iPhoneSimulator.Deploy.0 = Debug|Any CPU
		{BA12251B-67A2-40E6-982F-40B0C919537B}.Debug|x64.ActiveCfg = Debug|Any CPU
		{BA12251B-67A2-40E6-982F-40B0C919537B}.Debug|x64.Build.0 = Debug|Any CPU
		{BA12251B-67A2-40E6-982F-40B0C919537B}.Debug|x64.Deploy.0 = Debug|Any CPU
		{BA12251B-67A2-40E6-982F-40B0C919537B}.Debug|x86.ActiveCfg = Debug|Any CPU
		{BA12251B-67A2-40E6-982F-40B0C919537B}.Debug|x86.Build.0 = Debug|Any CPU
		{BA12251B-67A2-40E6-982F-40B0C919537B}.Debug|x86.Deploy.0 = Debug|Any CPU
		{BA12251B-67A2-40E6-982F-40B0C919537B}.Release|Any CPU.ActiveCfg = Release|Any CPU
		{BA12251B-67A2-40E6-982F-40B0C919537B}.Release|Any CPU.Build.0 = Release|Any CPU
		{BA12251B-67A2-40E6-982F-40B0C919537B}.Release|Any CPU.Deploy.0 = Release|Any CPU
		{BA12251B-67A2-40E6-982F-40B0C919537B}.Release|ARM.ActiveCfg = Release|Any CPU
		{BA12251B-67A2-40E6-982F-40B0C919537B}.Release|ARM.Build.0 = Release|Any CPU
		{BA12251B-67A2-40E6-982F-40B0C919537B}.Release|ARM.Deploy.0 = Release|Any CPU
		{BA12251B-67A2-40E6-982F-40B0C919537B}.Release|ARM64.ActiveCfg = Release|Any CPU
		{BA12251B-67A2-40E6-982F-40B0C919537B}.Release|ARM64.Build.0 = Release|Any CPU
		{BA12251B-67A2-40E6-982F-40B0C919537B}.Release|ARM64.Deploy.0 = Release|Any CPU
		{BA12251B-67A2-40E6-982F-40B0C919537B}.Release|iPhone.ActiveCfg = Release|Any CPU
		{BA12251B-67A2-40E6-982F-40B0C919537B}.Release|iPhone.Build.0 = Release|Any CPU
		{BA12251B-67A2-40E6-982F-40B0C919537B}.Release|iPhone.Deploy.0 = Release|Any CPU
		{BA12251B-67A2-40E6-982F-40B0C919537B}.Release|iPhoneSimulator.ActiveCfg = Release|Any CPU
		{BA12251B-67A2-40E6-982F-40B0C919537B}.Release|iPhoneSimulator.Build.0 = Release|Any CPU
		{BA12251B-67A2-40E6-982F-40B0C919537B}.Release|iPhoneSimulator.Deploy.0 = Release|Any CPU
		{BA12251B-67A2-40E6-982F-40B0C919537B}.Release|x64.ActiveCfg = Release|Any CPU
		{BA12251B-67A2-40E6-982F-40B0C919537B}.Release|x64.Build.0 = Release|Any CPU
		{BA12251B-67A2-40E6-982F-40B0C919537B}.Release|x64.Deploy.0 = Release|Any CPU
		{BA12251B-67A2-40E6-982F-40B0C919537B}.Release|x86.ActiveCfg = Release|Any CPU
		{BA12251B-67A2-40E6-982F-40B0C919537B}.Release|x86.Build.0 = Release|Any CPU
		{BA12251B-67A2-40E6-982F-40B0C919537B}.Release|x86.Deploy.0 = Release|Any CPU
		{6BB72680-EE13-4386-9D8E-B21DEDE451D8}.Ad-Hoc|Any CPU.ActiveCfg = Ad-Hoc|iPhone
		{6BB72680-EE13-4386-9D8E-B21DEDE451D8}.Ad-Hoc|ARM.ActiveCfg = Ad-Hoc|iPhone
		{6BB72680-EE13-4386-9D8E-B21DEDE451D8}.Ad-Hoc|ARM64.ActiveCfg = Ad-Hoc|iPhone
		{6BB72680-EE13-4386-9D8E-B21DEDE451D8}.Ad-Hoc|iPhone.ActiveCfg = Ad-Hoc|iPhone
		{6BB72680-EE13-4386-9D8E-B21DEDE451D8}.Ad-Hoc|iPhone.Build.0 = Ad-Hoc|iPhone
		{6BB72680-EE13-4386-9D8E-B21DEDE451D8}.Ad-Hoc|iPhoneSimulator.ActiveCfg = Ad-Hoc|iPhoneSimulator
		{6BB72680-EE13-4386-9D8E-B21DEDE451D8}.Ad-Hoc|iPhoneSimulator.Build.0 = Ad-Hoc|iPhoneSimulator
		{6BB72680-EE13-4386-9D8E-B21DEDE451D8}.Ad-Hoc|x64.ActiveCfg = Ad-Hoc|iPhone
		{6BB72680-EE13-4386-9D8E-B21DEDE451D8}.Ad-Hoc|x86.ActiveCfg = Ad-Hoc|iPhone
		{6BB72680-EE13-4386-9D8E-B21DEDE451D8}.AppStore|Any CPU.ActiveCfg = AppStore|iPhone
		{6BB72680-EE13-4386-9D8E-B21DEDE451D8}.AppStore|ARM.ActiveCfg = AppStore|iPhone
		{6BB72680-EE13-4386-9D8E-B21DEDE451D8}.AppStore|ARM64.ActiveCfg = AppStore|iPhone
		{6BB72680-EE13-4386-9D8E-B21DEDE451D8}.AppStore|iPhone.ActiveCfg = AppStore|iPhone
		{6BB72680-EE13-4386-9D8E-B21DEDE451D8}.AppStore|iPhone.Build.0 = AppStore|iPhone
		{6BB72680-EE13-4386-9D8E-B21DEDE451D8}.AppStore|iPhoneSimulator.ActiveCfg = AppStore|iPhoneSimulator
		{6BB72680-EE13-4386-9D8E-B21DEDE451D8}.AppStore|iPhoneSimulator.Build.0 = AppStore|iPhoneSimulator
		{6BB72680-EE13-4386-9D8E-B21DEDE451D8}.AppStore|x64.ActiveCfg = AppStore|iPhone
		{6BB72680-EE13-4386-9D8E-B21DEDE451D8}.AppStore|x86.ActiveCfg = AppStore|iPhone
		{6BB72680-EE13-4386-9D8E-B21DEDE451D8}.Debug|Any CPU.ActiveCfg = Debug|iPhone
		{6BB72680-EE13-4386-9D8E-B21DEDE451D8}.Debug|ARM.ActiveCfg = Debug|iPhone
		{6BB72680-EE13-4386-9D8E-B21DEDE451D8}.Debug|ARM64.ActiveCfg = Debug|iPhone
		{6BB72680-EE13-4386-9D8E-B21DEDE451D8}.Debug|iPhone.ActiveCfg = Debug|iPhone
		{6BB72680-EE13-4386-9D8E-B21DEDE451D8}.Debug|iPhone.Build.0 = Debug|iPhone
		{6BB72680-EE13-4386-9D8E-B21DEDE451D8}.Debug|iPhoneSimulator.ActiveCfg = Debug|iPhoneSimulator
		{6BB72680-EE13-4386-9D8E-B21DEDE451D8}.Debug|iPhoneSimulator.Build.0 = Debug|iPhoneSimulator
		{6BB72680-EE13-4386-9D8E-B21DEDE451D8}.Debug|x64.ActiveCfg = Debug|iPhone
		{6BB72680-EE13-4386-9D8E-B21DEDE451D8}.Debug|x86.ActiveCfg = Debug|iPhone
		{6BB72680-EE13-4386-9D8E-B21DEDE451D8}.Release|Any CPU.ActiveCfg = Release|iPhone
		{6BB72680-EE13-4386-9D8E-B21DEDE451D8}.Release|ARM.ActiveCfg = Release|iPhone
		{6BB72680-EE13-4386-9D8E-B21DEDE451D8}.Release|ARM64.ActiveCfg = Release|iPhone
		{6BB72680-EE13-4386-9D8E-B21DEDE451D8}.Release|iPhone.ActiveCfg = Release|iPhone
		{6BB72680-EE13-4386-9D8E-B21DEDE451D8}.Release|iPhone.Build.0 = Release|iPhone
		{6BB72680-EE13-4386-9D8E-B21DEDE451D8}.Release|iPhoneSimulator.ActiveCfg = Release|iPhoneSimulator
		{6BB72680-EE13-4386-9D8E-B21DEDE451D8}.Release|iPhoneSimulator.Build.0 = Release|iPhoneSimulator
		{6BB72680-EE13-4386-9D8E-B21DEDE451D8}.Release|x64.ActiveCfg = Release|iPhone
		{6BB72680-EE13-4386-9D8E-B21DEDE451D8}.Release|x86.ActiveCfg = Release|iPhone
		{1BEAC454-58FE-4048-B940-72B6277244EC}.Ad-Hoc|Any CPU.ActiveCfg = Release|x64
		{1BEAC454-58FE-4048-B940-72B6277244EC}.Ad-Hoc|Any CPU.Build.0 = Release|x64
		{1BEAC454-58FE-4048-B940-72B6277244EC}.Ad-Hoc|Any CPU.Deploy.0 = Release|x64
		{1BEAC454-58FE-4048-B940-72B6277244EC}.Ad-Hoc|ARM.ActiveCfg = Release|ARM
		{1BEAC454-58FE-4048-B940-72B6277244EC}.Ad-Hoc|ARM.Build.0 = Release|ARM
		{1BEAC454-58FE-4048-B940-72B6277244EC}.Ad-Hoc|ARM.Deploy.0 = Release|ARM
		{1BEAC454-58FE-4048-B940-72B6277244EC}.Ad-Hoc|ARM64.ActiveCfg = Release|ARM64
		{1BEAC454-58FE-4048-B940-72B6277244EC}.Ad-Hoc|ARM64.Build.0 = Release|ARM64
		{1BEAC454-58FE-4048-B940-72B6277244EC}.Ad-Hoc|ARM64.Deploy.0 = Release|ARM64
		{1BEAC454-58FE-4048-B940-72B6277244EC}.Ad-Hoc|iPhone.ActiveCfg = Release|x64
		{1BEAC454-58FE-4048-B940-72B6277244EC}.Ad-Hoc|iPhone.Build.0 = Release|x64
		{1BEAC454-58FE-4048-B940-72B6277244EC}.Ad-Hoc|iPhone.Deploy.0 = Release|x64
		{1BEAC454-58FE-4048-B940-72B6277244EC}.Ad-Hoc|iPhoneSimulator.ActiveCfg = Release|x64
		{1BEAC454-58FE-4048-B940-72B6277244EC}.Ad-Hoc|iPhoneSimulator.Build.0 = Release|x64
		{1BEAC454-58FE-4048-B940-72B6277244EC}.Ad-Hoc|iPhoneSimulator.Deploy.0 = Release|x64
		{1BEAC454-58FE-4048-B940-72B6277244EC}.Ad-Hoc|x64.ActiveCfg = Release|x64
		{1BEAC454-58FE-4048-B940-72B6277244EC}.Ad-Hoc|x64.Build.0 = Release|x64
		{1BEAC454-58FE-4048-B940-72B6277244EC}.Ad-Hoc|x64.Deploy.0 = Release|x64
		{1BEAC454-58FE-4048-B940-72B6277244EC}.Ad-Hoc|x86.ActiveCfg = Release|x86
		{1BEAC454-58FE-4048-B940-72B6277244EC}.Ad-Hoc|x86.Build.0 = Release|x86
		{1BEAC454-58FE-4048-B940-72B6277244EC}.Ad-Hoc|x86.Deploy.0 = Release|x86
		{1BEAC454-58FE-4048-B940-72B6277244EC}.AppStore|Any CPU.ActiveCfg = Release|x64
		{1BEAC454-58FE-4048-B940-72B6277244EC}.AppStore|Any CPU.Build.0 = Release|x64
		{1BEAC454-58FE-4048-B940-72B6277244EC}.AppStore|Any CPU.Deploy.0 = Release|x64
		{1BEAC454-58FE-4048-B940-72B6277244EC}.AppStore|ARM.ActiveCfg = Release|ARM
		{1BEAC454-58FE-4048-B940-72B6277244EC}.AppStore|ARM.Build.0 = Release|ARM
		{1BEAC454-58FE-4048-B940-72B6277244EC}.AppStore|ARM.Deploy.0 = Release|ARM
		{1BEAC454-58FE-4048-B940-72B6277244EC}.AppStore|ARM64.ActiveCfg = Release|ARM64
		{1BEAC454-58FE-4048-B940-72B6277244EC}.AppStore|ARM64.Build.0 = Release|ARM64
		{1BEAC454-58FE-4048-B940-72B6277244EC}.AppStore|ARM64.Deploy.0 = Release|ARM64
		{1BEAC454-58FE-4048-B940-72B6277244EC}.AppStore|iPhone.ActiveCfg = Release|x64
		{1BEAC454-58FE-4048-B940-72B6277244EC}.AppStore|iPhone.Build.0 = Release|x64
		{1BEAC454-58FE-4048-B940-72B6277244EC}.AppStore|iPhone.Deploy.0 = Release|x64
		{1BEAC454-58FE-4048-B940-72B6277244EC}.AppStore|iPhoneSimulator.ActiveCfg = Release|x64
		{1BEAC454-58FE-4048-B940-72B6277244EC}.AppStore|iPhoneSimulator.Build.0 = Release|x64
		{1BEAC454-58FE-4048-B940-72B6277244EC}.AppStore|iPhoneSimulator.Deploy.0 = Release|x64
		{1BEAC454-58FE-4048-B940-72B6277244EC}.AppStore|x64.ActiveCfg = Release|x64
		{1BEAC454-58FE-4048-B940-72B6277244EC}.AppStore|x64.Build.0 = Release|x64
		{1BEAC454-58FE-4048-B940-72B6277244EC}.AppStore|x64.Deploy.0 = Release|x64
		{1BEAC454-58FE-4048-B940-72B6277244EC}.AppStore|x86.ActiveCfg = Release|x86
		{1BEAC454-58FE-4048-B940-72B6277244EC}.AppStore|x86.Build.0 = Release|x86
		{1BEAC454-58FE-4048-B940-72B6277244EC}.AppStore|x86.Deploy.0 = Release|x86
		{1BEAC454-58FE-4048-B940-72B6277244EC}.Debug|Any CPU.ActiveCfg = Debug|x86
		{1BEAC454-58FE-4048-B940-72B6277244EC}.Debug|ARM.ActiveCfg = Debug|ARM
		{1BEAC454-58FE-4048-B940-72B6277244EC}.Debug|ARM.Build.0 = Debug|ARM
		{1BEAC454-58FE-4048-B940-72B6277244EC}.Debug|ARM.Deploy.0 = Debug|ARM
		{1BEAC454-58FE-4048-B940-72B6277244EC}.Debug|ARM64.ActiveCfg = Debug|ARM64
		{1BEAC454-58FE-4048-B940-72B6277244EC}.Debug|ARM64.Build.0 = Debug|ARM64
		{1BEAC454-58FE-4048-B940-72B6277244EC}.Debug|ARM64.Deploy.0 = Debug|ARM64
		{1BEAC454-58FE-4048-B940-72B6277244EC}.Debug|iPhone.ActiveCfg = Debug|x86
		{1BEAC454-58FE-4048-B940-72B6277244EC}.Debug|iPhoneSimulator.ActiveCfg = Debug|x86
		{1BEAC454-58FE-4048-B940-72B6277244EC}.Debug|x64.ActiveCfg = Debug|x64
		{1BEAC454-58FE-4048-B940-72B6277244EC}.Debug|x64.Build.0 = Debug|x64
		{1BEAC454-58FE-4048-B940-72B6277244EC}.Debug|x64.Deploy.0 = Debug|x64
		{1BEAC454-58FE-4048-B940-72B6277244EC}.Debug|x86.ActiveCfg = Debug|x86
		{1BEAC454-58FE-4048-B940-72B6277244EC}.Debug|x86.Build.0 = Debug|x86
		{1BEAC454-58FE-4048-B940-72B6277244EC}.Debug|x86.Deploy.0 = Debug|x86
		{1BEAC454-58FE-4048-B940-72B6277244EC}.Release|Any CPU.ActiveCfg = Release|x86
		{1BEAC454-58FE-4048-B940-72B6277244EC}.Release|ARM.ActiveCfg = Release|ARM
		{1BEAC454-58FE-4048-B940-72B6277244EC}.Release|ARM.Build.0 = Release|ARM
		{1BEAC454-58FE-4048-B940-72B6277244EC}.Release|ARM.Deploy.0 = Release|ARM
		{1BEAC454-58FE-4048-B940-72B6277244EC}.Release|ARM64.ActiveCfg = Release|ARM64
		{1BEAC454-58FE-4048-B940-72B6277244EC}.Release|ARM64.Build.0 = Release|ARM64
		{1BEAC454-58FE-4048-B940-72B6277244EC}.Release|ARM64.Deploy.0 = Release|ARM64
		{1BEAC454-58FE-4048-B940-72B6277244EC}.Release|iPhone.ActiveCfg = Release|x86
		{1BEAC454-58FE-4048-B940-72B6277244EC}.Release|iPhoneSimulator.ActiveCfg = Release|x86
		{1BEAC454-58FE-4048-B940-72B6277244EC}.Release|x64.ActiveCfg = Release|x64
		{1BEAC454-58FE-4048-B940-72B6277244EC}.Release|x64.Build.0 = Release|x64
		{1BEAC454-58FE-4048-B940-72B6277244EC}.Release|x64.Deploy.0 = Release|x64
		{1BEAC454-58FE-4048-B940-72B6277244EC}.Release|x86.ActiveCfg = Release|x86
		{1BEAC454-58FE-4048-B940-72B6277244EC}.Release|x86.Build.0 = Release|x86
		{1BEAC454-58FE-4048-B940-72B6277244EC}.Release|x86.Deploy.0 = Release|x86
		{1D5C8C27-284C-4770-B5F8-5AEE2F57F856}.Ad-Hoc|Any CPU.ActiveCfg = Debug|Any CPU
		{1D5C8C27-284C-4770-B5F8-5AEE2F57F856}.Ad-Hoc|Any CPU.Build.0 = Debug|Any CPU
		{1D5C8C27-284C-4770-B5F8-5AEE2F57F856}.Ad-Hoc|ARM.ActiveCfg = Debug|Any CPU
		{1D5C8C27-284C-4770-B5F8-5AEE2F57F856}.Ad-Hoc|ARM.Build.0 = Debug|Any CPU
		{1D5C8C27-284C-4770-B5F8-5AEE2F57F856}.Ad-Hoc|ARM64.ActiveCfg = Debug|Any CPU
		{1D5C8C27-284C-4770-B5F8-5AEE2F57F856}.Ad-Hoc|ARM64.Build.0 = Debug|Any CPU
		{1D5C8C27-284C-4770-B5F8-5AEE2F57F856}.Ad-Hoc|iPhone.ActiveCfg = Debug|Any CPU
		{1D5C8C27-284C-4770-B5F8-5AEE2F57F856}.Ad-Hoc|iPhone.Build.0 = Debug|Any CPU
		{1D5C8C27-284C-4770-B5F8-5AEE2F57F856}.Ad-Hoc|iPhoneSimulator.ActiveCfg = Debug|Any CPU
		{1D5C8C27-284C-4770-B5F8-5AEE2F57F856}.Ad-Hoc|iPhoneSimulator.Build.0 = Debug|Any CPU
		{1D5C8C27-284C-4770-B5F8-5AEE2F57F856}.Ad-Hoc|x64.ActiveCfg = Debug|Any CPU
		{1D5C8C27-284C-4770-B5F8-5AEE2F57F856}.Ad-Hoc|x64.Build.0 = Debug|Any CPU
		{1D5C8C27-284C-4770-B5F8-5AEE2F57F856}.Ad-Hoc|x86.ActiveCfg = Debug|Any CPU
		{1D5C8C27-284C-4770-B5F8-5AEE2F57F856}.Ad-Hoc|x86.Build.0 = Debug|Any CPU
		{1D5C8C27-284C-4770-B5F8-5AEE2F57F856}.AppStore|Any CPU.ActiveCfg = Debug|Any CPU
		{1D5C8C27-284C-4770-B5F8-5AEE2F57F856}.AppStore|Any CPU.Build.0 = Debug|Any CPU
		{1D5C8C27-284C-4770-B5F8-5AEE2F57F856}.AppStore|ARM.ActiveCfg = Debug|Any CPU
		{1D5C8C27-284C-4770-B5F8-5AEE2F57F856}.AppStore|ARM.Build.0 = Debug|Any CPU
		{1D5C8C27-284C-4770-B5F8-5AEE2F57F856}.AppStore|ARM64.ActiveCfg = Debug|Any CPU
		{1D5C8C27-284C-4770-B5F8-5AEE2F57F856}.AppStore|ARM64.Build.0 = Debug|Any CPU
		{1D5C8C27-284C-4770-B5F8-5AEE2F57F856}.AppStore|iPhone.ActiveCfg = Debug|Any CPU
		{1D5C8C27-284C-4770-B5F8-5AEE2F57F856}.AppStore|iPhone.Build.0 = Debug|Any CPU
		{1D5C8C27-284C-4770-B5F8-5AEE2F57F856}.AppStore|iPhoneSimulator.ActiveCfg = Debug|Any CPU
		{1D5C8C27-284C-4770-B5F8-5AEE2F57F856}.AppStore|iPhoneSimulator.Build.0 = Debug|Any CPU
		{1D5C8C27-284C-4770-B5F8-5AEE2F57F856}.AppStore|x64.ActiveCfg = Debug|Any CPU
		{1D5C8C27-284C-4770-B5F8-5AEE2F57F856}.AppStore|x64.Build.0 = Debug|Any CPU
		{1D5C8C27-284C-4770-B5F8-5AEE2F57F856}.AppStore|x86.ActiveCfg = Debug|Any CPU
		{1D5C8C27-284C-4770-B5F8-5AEE2F57F856}.AppStore|x86.Build.0 = Debug|Any CPU
		{1D5C8C27-284C-4770-B5F8-5AEE2F57F856}.Debug|Any CPU.ActiveCfg = Debug|Any CPU
		{1D5C8C27-284C-4770-B5F8-5AEE2F57F856}.Debug|Any CPU.Build.0 = Debug|Any CPU
		{1D5C8C27-284C-4770-B5F8-5AEE2F57F856}.Debug|ARM.ActiveCfg = Debug|Any CPU
		{1D5C8C27-284C-4770-B5F8-5AEE2F57F856}.Debug|ARM.Build.0 = Debug|Any CPU
		{1D5C8C27-284C-4770-B5F8-5AEE2F57F856}.Debug|ARM64.ActiveCfg = Debug|Any CPU
		{1D5C8C27-284C-4770-B5F8-5AEE2F57F856}.Debug|ARM64.Build.0 = Debug|Any CPU
		{1D5C8C27-284C-4770-B5F8-5AEE2F57F856}.Debug|iPhone.ActiveCfg = Debug|Any CPU
		{1D5C8C27-284C-4770-B5F8-5AEE2F57F856}.Debug|iPhone.Build.0 = Debug|Any CPU
		{1D5C8C27-284C-4770-B5F8-5AEE2F57F856}.Debug|iPhoneSimulator.ActiveCfg = Debug|Any CPU
		{1D5C8C27-284C-4770-B5F8-5AEE2F57F856}.Debug|iPhoneSimulator.Build.0 = Debug|Any CPU
		{1D5C8C27-284C-4770-B5F8-5AEE2F57F856}.Debug|x64.ActiveCfg = Debug|Any CPU
		{1D5C8C27-284C-4770-B5F8-5AEE2F57F856}.Debug|x64.Build.0 = Debug|Any CPU
		{1D5C8C27-284C-4770-B5F8-5AEE2F57F856}.Debug|x86.ActiveCfg = Debug|Any CPU
		{1D5C8C27-284C-4770-B5F8-5AEE2F57F856}.Debug|x86.Build.0 = Debug|Any CPU
		{1D5C8C27-284C-4770-B5F8-5AEE2F57F856}.Release|Any CPU.ActiveCfg = Release|Any CPU
		{1D5C8C27-284C-4770-B5F8-5AEE2F57F856}.Release|Any CPU.Build.0 = Release|Any CPU
		{1D5C8C27-284C-4770-B5F8-5AEE2F57F856}.Release|ARM.ActiveCfg = Release|Any CPU
		{1D5C8C27-284C-4770-B5F8-5AEE2F57F856}.Release|ARM.Build.0 = Release|Any CPU
		{1D5C8C27-284C-4770-B5F8-5AEE2F57F856}.Release|ARM64.ActiveCfg = Release|Any CPU
		{1D5C8C27-284C-4770-B5F8-5AEE2F57F856}.Release|ARM64.Build.0 = Release|Any CPU
		{1D5C8C27-284C-4770-B5F8-5AEE2F57F856}.Release|iPhone.ActiveCfg = Release|Any CPU
		{1D5C8C27-284C-4770-B5F8-5AEE2F57F856}.Release|iPhone.Build.0 = Release|Any CPU
		{1D5C8C27-284C-4770-B5F8-5AEE2F57F856}.Release|iPhoneSimulator.ActiveCfg = Release|Any CPU
		{1D5C8C27-284C-4770-B5F8-5AEE2F57F856}.Release|iPhoneSimulator.Build.0 = Release|Any CPU
		{1D5C8C27-284C-4770-B5F8-5AEE2F57F856}.Release|x64.ActiveCfg = Release|Any CPU
		{1D5C8C27-284C-4770-B5F8-5AEE2F57F856}.Release|x64.Build.0 = Release|Any CPU
		{1D5C8C27-284C-4770-B5F8-5AEE2F57F856}.Release|x86.ActiveCfg = Release|Any CPU
		{1D5C8C27-284C-4770-B5F8-5AEE2F57F856}.Release|x86.Build.0 = Release|Any CPU
		{76BFE91E-48A3-4C58-855B-C93068D02FBB}.Ad-Hoc|Any CPU.ActiveCfg = Release|iPhoneSimulator
		{76BFE91E-48A3-4C58-855B-C93068D02FBB}.Ad-Hoc|Any CPU.Build.0 = Release|iPhoneSimulator
		{76BFE91E-48A3-4C58-855B-C93068D02FBB}.Ad-Hoc|ARM.ActiveCfg = Release|iPhoneSimulator
		{76BFE91E-48A3-4C58-855B-C93068D02FBB}.Ad-Hoc|ARM.Build.0 = Release|iPhoneSimulator
		{76BFE91E-48A3-4C58-855B-C93068D02FBB}.Ad-Hoc|ARM64.ActiveCfg = Release|iPhoneSimulator
		{76BFE91E-48A3-4C58-855B-C93068D02FBB}.Ad-Hoc|ARM64.Build.0 = Release|iPhoneSimulator
		{76BFE91E-48A3-4C58-855B-C93068D02FBB}.Ad-Hoc|iPhone.ActiveCfg = Release|iPhoneSimulator
		{76BFE91E-48A3-4C58-855B-C93068D02FBB}.Ad-Hoc|iPhone.Build.0 = Release|iPhoneSimulator
		{76BFE91E-48A3-4C58-855B-C93068D02FBB}.Ad-Hoc|iPhoneSimulator.ActiveCfg = Release|iPhoneSimulator
		{76BFE91E-48A3-4C58-855B-C93068D02FBB}.Ad-Hoc|iPhoneSimulator.Build.0 = Release|iPhoneSimulator
		{76BFE91E-48A3-4C58-855B-C93068D02FBB}.Ad-Hoc|x64.ActiveCfg = Release|iPhoneSimulator
		{76BFE91E-48A3-4C58-855B-C93068D02FBB}.Ad-Hoc|x64.Build.0 = Release|iPhoneSimulator
		{76BFE91E-48A3-4C58-855B-C93068D02FBB}.Ad-Hoc|x86.ActiveCfg = Release|iPhoneSimulator
		{76BFE91E-48A3-4C58-855B-C93068D02FBB}.Ad-Hoc|x86.Build.0 = Release|iPhoneSimulator
		{76BFE91E-48A3-4C58-855B-C93068D02FBB}.AppStore|Any CPU.ActiveCfg = Release|iPhoneSimulator
		{76BFE91E-48A3-4C58-855B-C93068D02FBB}.AppStore|Any CPU.Build.0 = Release|iPhoneSimulator
		{76BFE91E-48A3-4C58-855B-C93068D02FBB}.AppStore|ARM.ActiveCfg = Release|iPhoneSimulator
		{76BFE91E-48A3-4C58-855B-C93068D02FBB}.AppStore|ARM.Build.0 = Release|iPhoneSimulator
		{76BFE91E-48A3-4C58-855B-C93068D02FBB}.AppStore|ARM64.ActiveCfg = Release|iPhoneSimulator
		{76BFE91E-48A3-4C58-855B-C93068D02FBB}.AppStore|ARM64.Build.0 = Release|iPhoneSimulator
		{76BFE91E-48A3-4C58-855B-C93068D02FBB}.AppStore|iPhone.ActiveCfg = Release|iPhoneSimulator
		{76BFE91E-48A3-4C58-855B-C93068D02FBB}.AppStore|iPhone.Build.0 = Release|iPhoneSimulator
		{76BFE91E-48A3-4C58-855B-C93068D02FBB}.AppStore|iPhoneSimulator.ActiveCfg = Release|iPhoneSimulator
		{76BFE91E-48A3-4C58-855B-C93068D02FBB}.AppStore|iPhoneSimulator.Build.0 = Release|iPhoneSimulator
		{76BFE91E-48A3-4C58-855B-C93068D02FBB}.AppStore|x64.ActiveCfg = Release|iPhoneSimulator
		{76BFE91E-48A3-4C58-855B-C93068D02FBB}.AppStore|x64.Build.0 = Release|iPhoneSimulator
		{76BFE91E-48A3-4C58-855B-C93068D02FBB}.AppStore|x86.ActiveCfg = Release|iPhoneSimulator
		{76BFE91E-48A3-4C58-855B-C93068D02FBB}.AppStore|x86.Build.0 = Release|iPhoneSimulator
		{76BFE91E-48A3-4C58-855B-C93068D02FBB}.Debug|Any CPU.ActiveCfg = Debug|iPhoneSimulator
		{76BFE91E-48A3-4C58-855B-C93068D02FBB}.Debug|ARM.ActiveCfg = Debug|iPhoneSimulator
		{76BFE91E-48A3-4C58-855B-C93068D02FBB}.Debug|ARM64.ActiveCfg = Debug|iPhoneSimulator
		{76BFE91E-48A3-4C58-855B-C93068D02FBB}.Debug|iPhone.ActiveCfg = Debug|iPhoneSimulator
		{76BFE91E-48A3-4C58-855B-C93068D02FBB}.Debug|iPhoneSimulator.ActiveCfg = Debug|iPhoneSimulator
		{76BFE91E-48A3-4C58-855B-C93068D02FBB}.Debug|iPhoneSimulator.Build.0 = Debug|iPhoneSimulator
		{76BFE91E-48A3-4C58-855B-C93068D02FBB}.Debug|x64.ActiveCfg = Debug|iPhoneSimulator
		{76BFE91E-48A3-4C58-855B-C93068D02FBB}.Debug|x86.ActiveCfg = Debug|iPhoneSimulator
		{76BFE91E-48A3-4C58-855B-C93068D02FBB}.Release|Any CPU.ActiveCfg = Release|iPhoneSimulator
		{76BFE91E-48A3-4C58-855B-C93068D02FBB}.Release|ARM.ActiveCfg = Release|iPhoneSimulator
		{76BFE91E-48A3-4C58-855B-C93068D02FBB}.Release|ARM64.ActiveCfg = Release|iPhoneSimulator
		{76BFE91E-48A3-4C58-855B-C93068D02FBB}.Release|iPhone.ActiveCfg = Release|iPhoneSimulator
		{76BFE91E-48A3-4C58-855B-C93068D02FBB}.Release|iPhoneSimulator.ActiveCfg = Release|iPhoneSimulator
		{76BFE91E-48A3-4C58-855B-C93068D02FBB}.Release|iPhoneSimulator.Build.0 = Release|iPhoneSimulator
		{76BFE91E-48A3-4C58-855B-C93068D02FBB}.Release|x64.ActiveCfg = Release|iPhoneSimulator
		{76BFE91E-48A3-4C58-855B-C93068D02FBB}.Release|x86.ActiveCfg = Release|iPhoneSimulator
	EndGlobalSection
	GlobalSection(SolutionProperties) = preSolution
		HideSolutionNode = FALSE
	EndGlobalSection
	GlobalSection(ExtensibilityGlobals) = postSolution
		SolutionGuid = {68FC06CC-13B6-4B26-AD03-AAFB615AF6A4}
	EndGlobalSection
EndGlobal
